
Microsoft Visual Studio Solution File, Format Version 12.00
# Visual Studio Version 17
VisualStudioVersion = 17.4.33205.214
MinimumVisualStudioVersion = 10.0.40219.1
Project("{FAE04EC0-301F-11D3-BF4B-00C04F79EFBC}") = "AereolineaDiaz", "AereolineaDiaz\AereolineaDiaz.csproj", "{27EDCD4C-7A63-4E83-BA58-FE24E974B55C}"
EndProject
Project("{FAE04EC0-301F-11D3-BF4B-00C04F79EFBC}") = "CapaDatos", "CapaDatos\CapaDatos.csproj", "{6811B8C9-3D9A-4F2A-8A48-AE3DFA493113}"
EndProject
Project("{FAE04EC0-301F-11D3-BF4B-00C04F79EFBC}") = "CapaEntidad", "CapaEntidad\CapaEntidad.csproj", "{C7FE5B88-2FF4-42AA-80FB-01C31B20012A}"
EndProject
Project("{FAE04EC0-301F-11D3-BF4B-00C04F79EFBC}") = "CapaLogica", "CapaLogica\CapaLogica.csproj", "{A3A0CDBB-EB2C-4A5F-8EB4-AA55956AE088}"
EndProject
Global
	GlobalSection(SolutionConfigurationPlatforms) = preSolution
		Debug|Any CPU = Debug|Any CPU
		Release|Any CPU = Release|Any CPU
	EndGlobalSection
	GlobalSection(ProjectConfigurationPlatforms) = postSolution
		{27EDCD4C-7A63-4E83-BA58-FE24E974B55C}.Debug|Any CPU.ActiveCfg = Debug|Any CPU
		{27EDCD4C-7A63-4E83-BA58-FE24E974B55C}.Debug|Any CPU.Build.0 = Debug|Any CPU
		{27EDCD4C-7A63-4E83-BA58-FE24E974B55C}.Release|Any CPU.ActiveCfg = Release|Any CPU
		{27EDCD4C-7A63-4E83-BA58-FE24E974B55C}.Release|Any CPU.Build.0 = Release|Any CPU
		{6811B8C9-3D9A-4F2A-8A48-AE3DFA493113}.Debug|Any CPU.ActiveCfg = Debug|Any CPU
		{6811B8C9-3D9A-4F2A-8A48-AE3DFA493113}.Debug|Any CPU.Build.0 = Debug|Any CPU
		{6811B8C9-3D9A-4F2A-8A48-AE3DFA493113}.Release|Any CPU.ActiveCfg = Release|Any CPU
		{6811B8C9-3D9A-4F2A-8A48-AE3DFA493113}.Release|Any CPU.Build.0 = Release|Any CPU
		{C7FE5B88-2FF4-42AA-80FB-01C31B20012A}.Debug|Any CPU.ActiveCfg = Debug|Any CPU
		{C7FE5B88-2FF4-42AA-80FB-01C31B20012A}.Debug|Any CPU.Build.0 = Debug|Any CPU
		{C7FE5B88-2FF4-42AA-80FB-01C31B20012A}.Release|Any CPU.ActiveCfg = Release|Any CPU
		{C7FE5B88-2FF4-42AA-80FB-01C31B20012A}.Release|Any CPU.Build.0 = Release|Any CPU
		{A3A0CDBB-EB2C-4A5F-8EB4-AA55956AE088}.Debug|Any CPU.ActiveCfg = Debug|Any CPU
		{A3A0CDBB-EB2C-4A5F-8EB4-AA55956AE088}.Debug|Any CPU.Build.0 = Debug|Any CPU
		{A3A0CDBB-EB2C-4A5F-8EB4-AA55956AE088}.Release|Any CPU.ActiveCfg = Release|Any CPU
		{A3A0CDBB-EB2C-4A5F-8EB4-AA55956AE088}.Release|Any CPU.Build.0 = Release|Any CPU
	EndGlobalSection
	GlobalSection(SolutionProperties) = preSolution
		HideSolutionNode = FALSE
	EndGlobalSection
	GlobalSection(ExtensibilityGlobals) = postSolution
		SolutionGuid = {2F6C4E81-E431-4243-9672-D17DE30055F8}
	EndGlobalSection
EndGlobal
